Microsoft Visual Studio Solution File, Format Version 12.00
# Visual Studio Version 17
VisualStudioVersion = 17.5.2.0
MinimumVisualStudioVersion = 10.0.40219.1
Project("{FAE04EC0-301F-11D3-BF4B-00C04F79EFBC}") = "DotNetDockerRegistry", "DotNetDockerRegistry.csproj", "{9FED52E1-ABA6-A145-C4BB-CE59C907A418}"
EndProject
Global
	GlobalSection(SolutionConfigurationPlatforms) = preSolution
		Debug|Any CPU = Debug|Any CPU
		Release|Any CPU = Release|Any CPU
	EndGlobalSection
	GlobalSection(ProjectConfigurationPlatforms) = postSolution
		{9FED52E1-ABA6-A145-C4BB-CE59C907A418}.Debug|Any CPU.ActiveCfg = Debug|Any CPU
		{9FED52E1-ABA6-A145-C4BB-CE59C907A418}.Debug|Any CPU.Build.0 = Debug|Any CPU
		{9FED52E1-ABA6-A145-C4BB-CE59C907A418}.Release|Any CPU.ActiveCfg = Release|Any CPU
		{9FED52E1-ABA6-A145-C4BB-CE59C907A418}.Release|Any CPU.Build.0 = Release|Any CPU
	EndGlobalSection
	GlobalSection(SolutionProperties) = preSolution
		HideSolutionNode = FALSE
	EndGlobalSection
	GlobalSection(ExtensibilityGlobals) = postSolution
		SolutionGuid = {80F9BB7A-CD35-455D-94AA-19BC7DD9A3EC}
	EndGlobalSection
EndGlobal
